
Microsoft Visual Studio Solution File, Format Version 12.00
# Visual Studio Version 17
VisualStudioVersion = 17.1.32228.430
MinimumVisualStudioVersion = 10.0.40219.1
Project("{9A19103F-16F7-4668-BE54-9A1E7A4F7556}") = "Class", "Class.csproj", "{AC98EB63-F1FB-42CD-B030-4D9BAB7F9ABB}"
EndProject
Project("{9A19103F-16F7-4668-BE54-9A1E7A4F7556}") = "Home", "..\Home\Home.csproj", "{5B50B191-42F6-4116-B6D6-827B189E2766}"
EndProject
Project("{FAE04EC0-301F-11D3-BF4B-00C04F79EFBC}") = "practice", "..\ConsoleApp2\practice.csproj", "{0DB731E2-5AEC-4E68-8A73-448A6EBF1C8E}"
EndProject
Global
	GlobalSection(SolutionConfigurationPlatforms) = preSolution
		Debug|Any CPU = Debug|Any CPU
		Release|Any CPU = Release|Any CPU
	EndGlobalSection
	GlobalSection(ProjectConfigurationPlatforms) = postSolution
		{AC98EB63-F1FB-42CD-B030-4D9BAB7F9ABB}.Debug|Any CPU.ActiveCfg = Debug|Any CPU
		{AC98EB63-F1FB-42CD-B030-4D9BAB7F9ABB}.Debug|Any CPU.Build.0 = Debug|Any CPU
		{AC98EB63-F1FB-42CD-B030-4D9BAB7F9ABB}.Release|Any CPU.ActiveCfg = Release|Any CPU
		{AC98EB63-F1FB-42CD-B030-4D9BAB7F9ABB}.Release|Any CPU.Build.0 = Release|Any CPU
		{5B50B191-42F6-4116-B6D6-827B189E2766}.Debug|Any CPU.ActiveCfg = Debug|Any CPU
		{5B50B191-42F6-4116-B6D6-827B189E2766}.Debug|Any CPU.Build.0 = Debug|Any CPU
		{5B50B191-42F6-4116-B6D6-827B189E2766}.Release|Any CPU.ActiveCfg = Release|Any CPU
		{5B50B191-42F6-4116-B6D6-827B189E2766}.Release|Any CPU.Build.0 = Release|Any CPU
		{0DB731E2-5AEC-4E68-8A73-448A6EBF1C8E}.Debug|Any CPU.ActiveCfg = Debug|Any CPU
		{0DB731E2-5AEC-4E68-8A73-448A6EBF1C8E}.Debug|Any CPU.Build.0 = Debug|Any CPU
		{0DB731E2-5AEC-4E68-8A73-448A6EBF1C8E}.Release|Any CPU.ActiveCfg = Release|Any CPU
		{0DB731E2-5AEC-4E68-8A73-448A6EBF1C8E}.Release|Any CPU.Build.0 = Release|Any CPU
	EndGlobalSection
	GlobalSection(SolutionProperties) = preSolution
		HideSolutionNode = FALSE
	EndGlobalSection
	GlobalSection(ExtensibilityGlobals) = postSolution
		SolutionGuid = {8CF685C6-4DA1-474E-8BEF-2BC0B63E7E7B}
	EndGlobalSection
EndGlobal
